
Microsoft Visual Studio Solution File, Format Version 12.00
Project("{2150E333-8FDC-42A3-9474-1A3956D46DE8}") = "Solution Items", "Solution Items", "{28C575A4-96DC-4374-94F6-6988E7261F7B}"
	ProjectSection(SolutionItems) = preProject
		..\.gitignore = ..\.gitignore
		..\README.md = ..\README.md
	EndProjectSection
EndProject
Project("{FAE04EC0-301F-11D3-BF4B-00C04F79EFBC}") = "MemQuran.Api", "MemQuran.Api\MemQuran.Api.csproj", "{43FF8E38-0F7E-4562-B598-D2DD7F60C5FD}"
EndProject
Project("{FAE04EC0-301F-11D3-BF4B-00C04F79EFBC}") = "MemQuran.Api.Unit.Tests", "MemQuran.Api.Unit.Tests\MemQuran.Api.Unit.Tests.csproj", "{A98004E8-FDDF-452E-BD24-4FBB7CD1EA9C}"
EndProject
Project("{FAE04EC0-301F-11D3-BF4B-00C04F79EFBC}") = "MemQuran.Api.Integration.Tests", "MemQuran.Api.Integration.Tests\MemQuran.Api.Integration.Tests.csproj", "{EB2862ED-7151-4C7C-810F-17F77DAF854E}"
EndProject
Project("{2150E333-8FDC-42A3-9474-1A3956D46DE8}") = "Core", "Core", "{0BB0A1B2-0BB3-4281-90E2-54DD26451039}"
EndProject
Project("{FAE04EC0-301F-11D3-BF4B-00C04F79EFBC}") = "MemQuran.Core", "MemQuran.Core\MemQuran.Core.csproj", "{AE18738D-4F61-415F-B7F9-2AEEDA151D51}"
EndProject
Project("{2150E333-8FDC-42A3-9474-1A3956D46DE8}") = "Presentation", "Presentation", "{D4F7F994-C155-425C-A104-467CFAD96D2D}"
EndProject
Project("{FAE04EC0-301F-11D3-BF4B-00C04F79EFBC}") = "MemQuran.Infrastructure", "MemQuran.Infrastructure\MemQuran.Infrastructure.csproj", "{9D81FC86-EEF6-41A4-A923-46301BE10948}"
EndProject
Project("{2150E333-8FDC-42A3-9474-1A3956D46DE8}") = "Tests", "Tests", "{D3EE3844-F242-456E-882B-BD14252D2F38}"
EndProject
Project("{2150E333-8FDC-42A3-9474-1A3956D46DE8}") = "Docker", "Docker", "{5816DE00-669F-4FCE-8849-F691D8FC794C}"
EndProject
Project("{2150E333-8FDC-42A3-9474-1A3956D46DE8}") = "MemQuran", "MemQuran", "{EF93C547-F64A-45CE-9DA3-FBCD4A2F3569}"
	ProjectSection(SolutionItems) = preProject
		..\.docker\docker-compose.yaml = ..\.docker\docker-compose.yaml
	EndProjectSection
EndProject
Global
	GlobalSection(SolutionConfigurationPlatforms) = preSolution
		Debug|Any CPU = Debug|Any CPU
		Release|Any CPU = Release|Any CPU
	EndGlobalSection
	GlobalSection(ProjectConfigurationPlatforms) = postSolution
		{43FF8E38-0F7E-4562-B598-D2DD7F60C5FD}.Debug|Any CPU.ActiveCfg = Debug|Any CPU
		{43FF8E38-0F7E-4562-B598-D2DD7F60C5FD}.Debug|Any CPU.Build.0 = Debug|Any CPU
		{43FF8E38-0F7E-4562-B598-D2DD7F60C5FD}.Release|Any CPU.ActiveCfg = Release|Any CPU
		{43FF8E38-0F7E-4562-B598-D2DD7F60C5FD}.Release|Any CPU.Build.0 = Release|Any CPU
		{A98004E8-FDDF-452E-BD24-4FBB7CD1EA9C}.Debug|Any CPU.ActiveCfg = Debug|Any CPU
		{A98004E8-FDDF-452E-BD24-4FBB7CD1EA9C}.Debug|Any CPU.Build.0 = Debug|Any CPU
		{A98004E8-FDDF-452E-BD24-4FBB7CD1EA9C}.Release|Any CPU.ActiveCfg = Release|Any CPU
		{A98004E8-FDDF-452E-BD24-4FBB7CD1EA9C}.Release|Any CPU.Build.0 = Release|Any CPU
		{EB2862ED-7151-4C7C-810F-17F77DAF854E}.Debug|Any CPU.ActiveCfg = Debug|Any CPU
		{EB2862ED-7151-4C7C-810F-17F77DAF854E}.Debug|Any CPU.Build.0 = Debug|Any CPU
		{EB2862ED-7151-4C7C-810F-17F77DAF854E}.Release|Any CPU.ActiveCfg = Release|Any CPU
		{EB2862ED-7151-4C7C-810F-17F77DAF854E}.Release|Any CPU.Build.0 = Release|Any CPU
		{AE18738D-4F61-415F-B7F9-2AEEDA151D51}.Debug|Any CPU.ActiveCfg = Debug|Any CPU
		{AE18738D-4F61-415F-B7F9-2AEEDA151D51}.Debug|Any CPU.Build.0 = Debug|Any CPU
		{AE18738D-4F61-415F-B7F9-2AEEDA151D51}.Release|Any CPU.ActiveCfg = Release|Any CPU
		{AE18738D-4F61-415F-B7F9-2AEEDA151D51}.Release|Any CPU.Build.0 = Release|Any CPU
		{9D81FC86-EEF6-41A4-A923-46301BE10948}.Debug|Any CPU.ActiveCfg = Debug|Any CPU
		{9D81FC86-EEF6-41A4-A923-46301BE10948}.Debug|Any CPU.Build.0 = Debug|Any CPU
		{9D81FC86-EEF6-41A4-A923-46301BE10948}.Release|Any CPU.ActiveCfg = Release|Any CPU
		{9D81FC86-EEF6-41A4-A923-46301BE10948}.Release|Any CPU.Build.0 = Release|Any CPU
	EndGlobalSection
	GlobalSection(NestedProjects) = preSolution
		{AE18738D-4F61-415F-B7F9-2AEEDA151D51} = {0BB0A1B2-0BB3-4281-90E2-54DD26451039}
		{43FF8E38-0F7E-4562-B598-D2DD7F60C5FD} = {D4F7F994-C155-425C-A104-467CFAD96D2D}
		{9D81FC86-EEF6-41A4-A923-46301BE10948} = {0BB0A1B2-0BB3-4281-90E2-54DD26451039}
		{EB2862ED-7151-4C7C-810F-17F77DAF854E} = {D3EE3844-F242-456E-882B-BD14252D2F38}
		{A98004E8-FDDF-452E-BD24-4FBB7CD1EA9C} = {D3EE3844-F242-456E-882B-BD14252D2F38}
		{5816DE00-669F-4FCE-8849-F691D8FC794C} = {28C575A4-96DC-4374-94F6-6988E7261F7B}
		{EF93C547-F64A-45CE-9DA3-FBCD4A2F3569} = {5816DE00-669F-4FCE-8849-F691D8FC794C}
	EndGlobalSection
EndGlobal
